
Microsoft Visual Studio Solution File, Format Version 12.00
# Visual Studio Version 17
VisualStudioVersion = 17.0.31919.166
MinimumVisualStudioVersion = 10.0.40219.1
Project("{FAE04EC0-301F-11D3-BF4B-00C04F79EFBC}") = "Nasljedivanje09012023", "Nasljedivanje09012023\Nasljedivanje09012023.csproj", "{479F4184-7B93-4EBA-83A7-86D7EF4DCA95}"
EndProject
Global
	GlobalSection(SolutionConfigurationPlatforms) = preSolution
		Debug|Any CPU = Debug|Any CPU
		Release|Any CPU = Release|Any CPU
	EndGlobalSection
	GlobalSection(ProjectConfigurationPlatforms) = postSolution
		{479F4184-7B93-4EBA-83A7-86D7EF4DCA95}.Debug|Any CPU.ActiveCfg = Debug|Any CPU
		{479F4184-7B93-4EBA-83A7-86D7EF4DCA95}.Debug|Any CPU.Build.0 = Debug|Any CPU
		{479F4184-7B93-4EBA-83A7-86D7EF4DCA95}.Release|Any CPU.ActiveCfg = Release|Any CPU
		{479F4184-7B93-4EBA-83A7-86D7EF4DCA95}.Release|Any CPU.Build.0 = Release|Any CPU
	EndGlobalSection
	GlobalSection(SolutionProperties) = preSolution
		HideSolutionNode = FALSE
	EndGlobalSection
	GlobalSection(ExtensibilityGlobals) = postSolution
		SolutionGuid = {7A91DE33-2F01-4AE7-9D3D-8310A0D900EE}
	EndGlobalSection
EndGlobal
